// !$*UTF8*$!
{
	archiveVersion = 1;
	classes = {
	};
	objectVersion = 56;
	objects = {

/* Begin PBXBuildFile section */
		0BE6C0DA2BD64E0000B78DC6 /* LoginPageController.swift in Sources */ = {isa = PBXBuildFile; fileRef = 0BE6C0D92BD64E0000B78DC6 /* LoginPageController.swift */; };
		0BE6C0DC2BD64E1000B78DC6 /* LoginPage.storyboard in Resources */ = {isa = PBXBuildFile; fileRef = 0BE6C0DB2BD64E1000B78DC6 /* LoginPage.storyboard */; };
		2E695CF82BD7463D00D8263E /* RentalListTableViewCell.xib in Resources */ = {isa = PBXBuildFile; fileRef = 2E695CF72BD7463D00D8263E /* RentalListTableViewCell.xib */; };
		2E695CF92BD7463D00D8263E /* RentalListTableViewCell.swift in Sources */ = {isa = PBXBuildFile; fileRef = 2E695CF62BD7463D00D8263E /* RentalListTableViewCell.swift */; };
		2E695CFB2BD74EB500D8263E /* Rental.swift in Sources */ = {isa = PBXBuildFile; fileRef = 2E695CFA2BD74EB500D8263E /* Rental.swift */; };
		2E695CFD2BD74ECF00D8263E /* User.swift in Sources */ = {isa = PBXBuildFile; fileRef = 2E695CFC2BD74ECF00D8263E /* User.swift */; };
		2E695CFF2BD75F4B00D8263E /* UserViewController+TableView.swift in Sources */ = {isa = PBXBuildFile; fileRef = 2E695CFE2BD75F4B00D8263E /* UserViewController+TableView.swift */; };
		2E908AB62BD64A7500D54773 /* AppDelegate.swift in Sources */ = {isa = PBXBuildFile; fileRef = 2E908AB52BD64A7500D54773 /* AppDelegate.swift */; };
		2E908AB82BD64A7500D54773 /* SceneDelegate.swift in Sources */ = {isa = PBXBuildFile; fileRef = 2E908AB72BD64A7500D54773 /* SceneDelegate.swift */; };
		2E908ABA2BD64A7500D54773 /* ViewController.swift in Sources */ = {isa = PBXBuildFile; fileRef = 2E908AB92BD64A7500D54773 /* ViewController.swift */; };
		2E908AC02BD64A7500D54773 /* OneBoardProject.xcdatamodeld in Sources */ = {isa = PBXBuildFile; fileRef = 2E908ABE2BD64A7500D54773 /* OneBoardProject.xcdatamodeld */; };
		2E908AC22BD64A7800D54773 /* Assets.xcassets in Resources */ = {isa = PBXBuildFile; fileRef = 2E908AC12BD64A7800D54773 /* Assets.xcassets */; };
		2E908AC52BD64A7800D54773 /* Base in Resources */ = {isa = PBXBuildFile; fileRef = 2E908AC42BD64A7800D54773 /* Base */; };
		2E908ACF2BD64BF500D54773 /* UserViewController.swift in Sources */ = {isa = PBXBuildFile; fileRef = 2E908ACE2BD64BF500D54773 /* UserViewController.swift */; };
		2E908AD22BD68B6C00D54773 /* UserDefaultTableViewCell.xib in Resources */ = {isa = PBXBuildFile; fileRef = 2E908AD12BD68B6C00D54773 /* UserDefaultTableViewCell.xib */; };
		2E908AD32BD68B6C00D54773 /* UserDefaultTableViewCell.swift in Sources */ = {isa = PBXBuildFile; fileRef = 2E908AD02BD68B6C00D54773 /* UserDefaultTableViewCell.swift */; };
		2ED8C4312BD91F72008755C0 /* Main.storyboard in Resources */ = {isa = PBXBuildFile; fileRef = 2ED8C4302BD91F72008755C0 /* Main.storyboard */; };
		2EE26A062BD93F3F00D4CB1B /* UserStoryboard.storyboard in Resources */ = {isa = PBXBuildFile; fileRef = 2EE26A052BD93F3F00D4CB1B /* UserStoryboard.storyboard */; };
		2EE26A082BDA12E300D4CB1B /* UserCoreDataManager.swift in Sources */ = {isa = PBXBuildFile; fileRef = 2EE26A072BDA12E300D4CB1B /* UserCoreDataManager.swift */; };
		622F02D22BD66F4200E9BF28 /* RegistViewController.swift in Sources */ = {isa = PBXBuildFile; fileRef = 622F02D02BD66F4200E9BF28 /* RegistViewController.swift */; };
		B66752122BD66A76003ADA3E /* MapViewController.swift in Sources */ = {isa = PBXBuildFile; fileRef = B66752112BD66A76003ADA3E /* MapViewController.swift */; };
		B66752142BD66AB7003ADA3E /* KickboardData.swift in Sources */ = {isa = PBXBuildFile; fileRef = B66752132BD66AB7003ADA3E /* KickboardData.swift */; };
/* End PBXBuildFile section */

/* Begin PBXFileReference section */
		0BE6C0D92BD64E0000B78DC6 /* LoginPageController.swift */ = {isa = PBXFileReference; lastKnownFileType = sourcecode.swift; path = LoginPageController.swift; sourceTree = "<group>"; };
		0BE6C0DB2BD64E1000B78DC6 /* LoginPage.storyboard */ = {isa = PBXFileReference; lastKnownFileType = file.storyboard; path = LoginPage.storyboard; sourceTree = "<group>"; };
		2E695CF62BD7463D00D8263E /* RentalListTableViewCell.swift */ = {isa = PBXFileReference; lastKnownFileType = sourcecode.swift; path = RentalListTableViewCell.swift; sourceTree = "<group>"; };
		2E695CF72BD7463D00D8263E /* RentalListTableViewCell.xib */ = {isa = PBXFileReference; lastKnownFileType = file.xib; path = RentalListTableViewCell.xib; sourceTree = "<group>"; };
		2E695CFA2BD74EB500D8263E /* Rental.swift */ = {isa = PBXFileReference; lastKnownFileType = sourcecode.swift; path = Rental.swift; sourceTree = "<group>"; };
		2E695CFC2BD74ECF00D8263E /* User.swift */ = {isa = PBXFileReference; lastKnownFileType = sourcecode.swift; path = User.swift; sourceTree = "<group>"; };
		2E695CFE2BD75F4B00D8263E /* UserViewController+TableView.swift */ = {isa = PBXFileReference; lastKnownFileType = sourcecode.swift; path = "UserViewController+TableView.swift"; sourceTree = "<group>"; };
		2E908AB22BD64A7500D54773 /* OneBoardProject.app */ = {isa = PBXFileReference; explicitFileType = wrapper.application; includeInIndex = 0; path = OneBoardProject.app; sourceTree = BUILT_PRODUCTS_DIR; };
		2E908AB52BD64A7500D54773 /* AppDelegate.swift */ = {isa = PBXFileReference; lastKnownFileType = sourcecode.swift; path = AppDelegate.swift; sourceTree = "<group>"; };
		2E908AB72BD64A7500D54773 /* SceneDelegate.swift */ = {isa = PBXFileReference; lastKnownFileType = sourcecode.swift; path = SceneDelegate.swift; sourceTree = "<group>"; };
		2E908AB92BD64A7500D54773 /* ViewController.swift */ = {isa = PBXFileReference; lastKnownFileType = sourcecode.swift; path = ViewController.swift; sourceTree = "<group>"; };
		2E908ABF2BD64A7500D54773 /* OneBoardProject.xcdatamodel */ = {isa = PBXFileReference; lastKnownFileType = wrapper.xcdatamodel; path = OneBoardProject.xcdatamodel; sourceTree = "<group>"; };
		2E908AC12BD64A7800D54773 /* Assets.xcassets */ = {isa = PBXFileReference; lastKnownFileType = folder.assetcatalog; path = Assets.xcassets; sourceTree = "<group>"; };
		2E908AC42BD64A7800D54773 /* Base */ = {isa = PBXFileReference; lastKnownFileType = file.storyboard; name = Base; path = Base.lproj/LaunchScreen.storyboard; sourceTree = "<group>"; };
		2E908AC62BD64A7800D54773 /* Info.plist */ = {isa = PBXFileReference; lastKnownFileType = text.plist.xml; path = Info.plist; sourceTree = "<group>"; };
		2E908ACE2BD64BF500D54773 /* UserViewController.swift */ = {isa = PBXFileReference; lastKnownFileType = sourcecode.swift; path = UserViewController.swift; sourceTree = "<group>"; };
		2E908AD02BD68B6C00D54773 /* UserDefaultTableViewCell.swift */ = {isa = PBXFileReference; lastKnownFileType = sourcecode.swift; path = UserDefaultTableViewCell.swift; sourceTree = "<group>"; };
		2E908AD12BD68B6C00D54773 /* UserDefaultTableViewCell.xib */ = {isa = PBXFileReference; lastKnownFileType = file.xib; path = UserDefaultTableViewCell.xib; sourceTree = "<group>"; };
		2ED8C4302BD91F72008755C0 /* Main.storyboard */ = {isa = PBXFileReference; fileEncoding = 4; lastKnownFileType = file.storyboard; path = Main.storyboard; sourceTree = "<group>"; };
		2EE26A052BD93F3F00D4CB1B /* UserStoryboard.storyboard */ = {isa = PBXFileReference; fileEncoding = 4; lastKnownFileType = file.storyboard; path = UserStoryboard.storyboard; sourceTree = "<group>"; };
		2EE26A072BDA12E300D4CB1B /* UserCoreDataManager.swift */ = {isa = PBXFileReference; lastKnownFileType = sourcecode.swift; path = UserCoreDataManager.swift; sourceTree = "<group>"; };
		622F02D02BD66F4200E9BF28 /* RegistViewController.swift */ = {isa = PBXFileReference; lastKnownFileType = sourcecode.swift; name = RegistViewController.swift; path = ../RegistViewController.swift; sourceTree = "<group>"; };
		B66752112BD66A76003ADA3E /* MapViewController.swift */ = {isa = PBXFileReference; lastKnownFileType = sourcecode.swift; path = MapViewController.swift; sourceTree = "<group>"; };
		B66752132BD66AB7003ADA3E /* KickboardData.swift */ = {isa = PBXFileReference; lastKnownFileType = sourcecode.swift; path = KickboardData.swift; sourceTree = "<group>"; };
/* End PBXFileReference section */

/* Begin PBXFrameworksBuildPhase section */
		2E908AAF2BD64A7500D54773 /* Frameworks */ = {
			isa = PBXFrameworksBuildPhase;
			buildActionMask = 2147483647;
			files = (
			);
			runOnlyForDeploymentPostprocessing = 0;
		};
/* End PBXFrameworksBuildPhase section */

/* Begin PBXGroup section */
		2E908AA92BD64A7500D54773 = {
			isa = PBXGroup;
			children = (
				2E908AB42BD64A7500D54773 /* OneBoardProject */,
				2E908AB32BD64A7500D54773 /* Products */,
			);
			sourceTree = "<group>";
		};
		2E908AB32BD64A7500D54773 /* Products */ = {
			isa = PBXGroup;
			children = (
				2E908AB22BD64A7500D54773 /* OneBoardProject.app */,
			);
			name = Products;
			sourceTree = "<group>";
		};
		2E908AB42BD64A7500D54773 /* OneBoardProject */ = {
			isa = PBXGroup;
			children = (
				2E908AB52BD64A7500D54773 /* AppDelegate.swift */,
				2E908AB72BD64A7500D54773 /* SceneDelegate.swift */,
				2E908AB92BD64A7500D54773 /* ViewController.swift */,
				2E695CFC2BD74ECF00D8263E /* User.swift */,
				2E695CFA2BD74EB500D8263E /* Rental.swift */,
				B66752132BD66AB7003ADA3E /* KickboardData.swift */,
				2EE26A072BDA12E300D4CB1B /* UserCoreDataManager.swift */,
				622F02D02BD66F4200E9BF28 /* RegistViewController.swift */,
				B66752112BD66A76003ADA3E /* MapViewController.swift */,
				2E908ACE2BD64BF500D54773 /* UserViewController.swift */,
				2E695CFE2BD75F4B00D8263E /* UserViewController+TableView.swift */,
				2E908AD02BD68B6C00D54773 /* UserDefaultTableViewCell.swift */,
				2E695CF62BD7463D00D8263E /* RentalListTableViewCell.swift */,
				0BE6C0D92BD64E0000B78DC6 /* LoginPageController.swift */,
				2ED8C4302BD91F72008755C0 /* Main.storyboard */,
				0BE6C0DB2BD64E1000B78DC6 /* LoginPage.storyboard */,
				2EE26A052BD93F3F00D4CB1B /* UserStoryboard.storyboard */,
				2E908AD12BD68B6C00D54773 /* UserDefaultTableViewCell.xib */,
				2E695CF72BD7463D00D8263E /* RentalListTableViewCell.xib */,
				2E908AC32BD64A7800D54773 /* LaunchScreen.storyboard */,
				2E908AC12BD64A7800D54773 /* Assets.xcassets */,
				2E908AC62BD64A7800D54773 /* Info.plist */,
				2E908ABE2BD64A7500D54773 /* OneBoardProject.xcdatamodeld */,
			);
			path = OneBoardProject;
			sourceTree = "<group>";
		};
/* End PBXGroup section */

/* Begin PBXNativeTarget section */
		2E908AB12BD64A7500D54773 /* OneBoardProject */ = {
			isa = PBXNativeTarget;
			buildConfigurationList = 2E908AC92BD64A7800D54773 /* Build configuration list for PBXNativeTarget "OneBoardProject" */;
			buildPhases = (
				2E908AAE2BD64A7500D54773 /* Sources */,
				2E908AAF2BD64A7500D54773 /* Frameworks */,
				2E908AB02BD64A7500D54773 /* Resources */,
			);
			buildRules = (
			);
			dependencies = (
			);
			name = OneBoardProject;
			productName = OneBoardProject;
			productReference = 2E908AB22BD64A7500D54773 /* OneBoardProject.app */;
			productType = "com.apple.product-type.application";
		};
/* End PBXNativeTarget section */

/* Begin PBXProject section */
		2E908AAA2BD64A7500D54773 /* Project object */ = {
			isa = PBXProject;
			attributes = {
				BuildIndependentTargetsInParallel = 1;
				LastSwiftUpdateCheck = 1530;
				LastUpgradeCheck = 1530;
				TargetAttributes = {
					2E908AB12BD64A7500D54773 = {
						CreatedOnToolsVersion = 15.3;
					};
				};
			};
			buildConfigurationList = 2E908AAD2BD64A7500D54773 /* Build configuration list for PBXProject "OneBoardProject" */;
			compatibilityVersion = "Xcode 14.0";
			developmentRegion = en;
			hasScannedForEncodings = 0;
			knownRegions = (
				en,
				Base,
			);
			mainGroup = 2E908AA92BD64A7500D54773;
			productRefGroup = 2E908AB32BD64A7500D54773 /* Products */;
			projectDirPath = "";
			projectRoot = "";
			targets = (
				2E908AB12BD64A7500D54773 /* OneBoardProject */,
			);
		};
/* End PBXProject section */

/* Begin PBXResourcesBuildPhase section */
		2E908AB02BD64A7500D54773 /* Resources */ = {
			isa = PBXResourcesBuildPhase;
			buildActionMask = 2147483647;
			files = (
				2ED8C4312BD91F72008755C0 /* Main.storyboard in Resources */,
				0BE6C0DC2BD64E1000B78DC6 /* LoginPage.storyboard in Resources */,
				2E695CF82BD7463D00D8263E /* RentalListTableViewCell.xib in Resources */,
				2EE26A062BD93F3F00D4CB1B /* UserStoryboard.storyboard in Resources */,
				2E908AC22BD64A7800D54773 /* Assets.xcassets in Resources */,
				2E908AC52BD64A7800D54773 /* Base in Resources */,
				2E908AD22BD68B6C00D54773 /* UserDefaultTableViewCell.xib in Resources */,
			);
			runOnlyForDeploymentPostprocessing = 0;
		};
/* End PBXResourcesBuildPhase section */

/* Begin PBXSourcesBuildPhase section */
		2E908AAE2BD64A7500D54773 /* Sources */ = {
			isa = PBXSourcesBuildPhase;
			buildActionMask = 2147483647;
			files = (
				622F02D22BD66F4200E9BF28 /* RegistViewController.swift in Sources */,
				0BE6C0DA2BD64E0000B78DC6 /* LoginPageController.swift in Sources */,
				2E908AD32BD68B6C00D54773 /* UserDefaultTableViewCell.swift in Sources */,
				2E695CFF2BD75F4B00D8263E /* UserViewController+TableView.swift in Sources */,
				B66752142BD66AB7003ADA3E /* KickboardData.swift in Sources */,
				2E908ABA2BD64A7500D54773 /* ViewController.swift in Sources */,
				2E908ACF2BD64BF500D54773 /* UserViewController.swift in Sources */,
				2E908AC02BD64A7500D54773 /* OneBoardProject.xcdatamodeld in Sources */,
				2E908AB62BD64A7500D54773 /* AppDelegate.swift in Sources */,
				2E695CFD2BD74ECF00D8263E /* User.swift in Sources */,
				2EE26A082BDA12E300D4CB1B /* UserCoreDataManager.swift in Sources */,
				2E695CFB2BD74EB500D8263E /* Rental.swift in Sources */,
				2E695CF92BD7463D00D8263E /* RentalListTableViewCell.swift in Sources */,
				B66752122BD66A76003ADA3E /* MapViewController.swift in Sources */,
				2E908AB82BD64A7500D54773 /* SceneDelegate.swift in Sources */,
			);
			runOnlyForDeploymentPostprocessing = 0;
		};
/* End PBXSourcesBuildPhase section */

/* Begin PBXVariantGroup section */
		2E908AC32BD64A7800D54773 /* LaunchScreen.storyboard */ = {
			isa = PBXVariantGroup;
			children = (
				2E908AC42BD64A7800D54773 /* Base */,
			);
			name = LaunchScreen.storyboard;
			sourceTree = "<group>";
		};
/* End PBXVariantGroup section */

/* Begin XCBuildConfiguration section */
		2E908AC72BD64A7800D54773 /* Debug */ = {
			isa = XCBuildConfiguration;
			buildSettings = {
				ALWAYS_SEARCH_USER_PATHS = NO;
				ASSETCATALOG_COMPILER_GENERATE_SWIFT_ASSET_SYMBOL_EXTENSIONS = YES;
				CLANG_ANALYZER_NONNULL = YES;
				CLANG_ANALYZER_NUMBER_OBJECT_CONVERSION = YES_AGGRESSIVE;
				CLANG_CXX_LANGUAGE_STANDARD = "gnu++20";
				CLANG_ENABLE_MODULES = YES;
				CLANG_ENABLE_OBJC_ARC = YES;
				CLANG_ENABLE_OBJC_WEAK = YES;
				CLANG_WARN_BLOCK_CAPTURE_AUTORELEASING = YES;
				CLANG_WARN_BOOL_CONVERSION = YES;
				CLANG_WARN_COMMA = YES;
				CLANG_WARN_CONSTANT_CONVERSION = YES;
				CLANG_WARN_DEPRECATED_OBJC_IMPLEMENTATIONS = YES;
				CLANG_WARN_DIRECT_OBJC_ISA_USAGE = YES_ERROR;
				CLANG_WARN_DOCUMENTATION_COMMENTS = YES;
				CLANG_WARN_EMPTY_BODY = YES;
				CLANG_WARN_ENUM_CONVERSION = YES;
				CLANG_WARN_INFINITE_RECURSION = YES;
				CLANG_WARN_INT_CONVERSION = YES;
				CLANG_WARN_NON_LITERAL_NULL_CONVERSION = YES;
				CLANG_WARN_OBJC_IMPLICIT_RETAIN_SELF = YES;
				CLANG_WARN_OBJC_LITERAL_CONVERSION = YES;
				CLANG_WARN_OBJC_ROOT_CLASS = YES_ERROR;
				CLANG_WARN_QUOTED_INCLUDE_IN_FRAMEWORK_HEADER = YES;
				CLANG_WARN_RANGE_LOOP_ANALYSIS = YES;
				CLANG_WARN_STRICT_PROTOTYPES = YES;
				CLANG_WARN_SUSPICIOUS_MOVE = YES;
				CLANG_WARN_UNGUARDED_AVAILABILITY = YES_AGGRESSIVE;
				CLANG_WARN_UNREACHABLE_CODE = YES;
				CLANG_WARN__DUPLICATE_METHOD_MATCH = YES;
				COPY_PHASE_STRIP = NO;
				DEBUG_INFORMATION_FORMAT = dwarf;
				ENABLE_STRICT_OBJC_MSGSEND = YES;
				ENABLE_TESTABILITY = YES;
				ENABLE_USER_SCRIPT_SANDBOXING = YES;
				GCC_C_LANGUAGE_STANDARD = gnu17;
				GCC_DYNAMIC_NO_PIC = NO;
				GCC_NO_COMMON_BLOCKS = YES;
				GCC_OPTIMIZATION_LEVEL = 0;
				GCC_PREPROCESSOR_DEFINITIONS = (
					"DEBUG=1",
					"$(inherited)",
				);
				GCC_WARN_64_TO_32_BIT_CONVERSION = YES;
				GCC_WARN_ABOUT_RETURN_TYPE = YES_ERROR;
				GCC_WARN_UNDECLARED_SELECTOR = YES;
				GCC_WARN_UNINITIALIZED_AUTOS = YES_AGGRESSIVE;
				GCC_WARN_UNUSED_FUNCTION = YES;
				GCC_WARN_UNUSED_VARIABLE = YES;
				IPHONEOS_DEPLOYMENT_TARGET = 17.4;
				LOCALIZATION_PREFERS_STRING_CATALOGS = YES;
				MTL_ENABLE_DEBUG_INFO = INCLUDE_SOURCE;
				MTL_FAST_MATH = YES;
				ONLY_ACTIVE_ARCH = YES;
				SDKROOT = iphoneos;
				SWIFT_ACTIVE_COMPILATION_CONDITIONS = "DEBUG $(inherited)";
				SWIFT_OPTIMIZATION_LEVEL = "-Onone";
			};
			name = Debug;
		};
		2E908AC82BD64A7800D54773 /* Release */ = {
			isa = XCBuildConfiguration;
			buildSettings = {
				ALWAYS_SEARCH_USER_PATHS = NO;
				ASSETCATALOG_COMPILER_GENERATE_SWIFT_ASSET_SYMBOL_EXTENSIONS = YES;
				CLANG_ANALYZER_NONNULL = YES;
				CLANG_ANALYZER_NUMBER_OBJECT_CONVERSION = YES_AGGRESSIVE;
				CLANG_CXX_LANGUAGE_STANDARD = "gnu++20";
				CLANG_ENABLE_MODULES = YES;
				CLANG_ENABLE_OBJC_ARC = YES;
				CLANG_ENABLE_OBJC_WEAK = YES;
				CLANG_WARN_BLOCK_CAPTURE_AUTORELEASING = YES;
				CLANG_WARN_BOOL_CONVERSION = YES;
				CLANG_WARN_COMMA = YES;
				CLANG_WARN_CONSTANT_CONVERSION = YES;
				CLANG_WARN_DEPRECATED_OBJC_IMPLEMENTATIONS = YES;
				CLANG_WARN_DIRECT_OBJC_ISA_USAGE = YES_ERROR;
				CLANG_WARN_DOCUMENTATION_COMMENTS = YES;
				CLANG_WARN_EMPTY_BODY = YES;
				CLANG_WARN_ENUM_CONVERSION = YES;
				CLANG_WARN_INFINITE_RECURSION = YES;
				CLANG_WARN_INT_CONVERSION = YES;
				CLANG_WARN_NON_LITERAL_NULL_CONVERSION = YES;
				CLANG_WARN_OBJC_IMPLICIT_RETAIN_SELF = YES;
				CLANG_WARN_OBJC_LITERAL_CONVERSION = YES;
				CLANG_WARN_OBJC_ROOT_CLASS = YES_ERROR;
				CLANG_WARN_QUOTED_INCLUDE_IN_FRAMEWORK_HEADER = YES;
				CLANG_WARN_RANGE_LOOP_ANALYSIS = YES;
				CLANG_WARN_STRICT_PROTOTYPES = YES;
				CLANG_WARN_SUSPICIOUS_MOVE = YES;
				CLANG_WARN_UNGUARDED_AVAILABILITY = YES_AGGRESSIVE;
				CLANG_WARN_UNREACHABLE_CODE = YES;
				CLANG_WARN__DUPLICATE_METHOD_MATCH = YES;
				COPY_PHASE_STRIP = NO;
				DEBUG_INFORMATION_FORMAT = "dwarf-with-dsym";
				ENABLE_NS_ASSERTIONS = NO;
				ENABLE_STRICT_OBJC_MSGSEND = YES;
				ENABLE_USER_SCRIPT_SANDBOXING = YES;
				GCC_C_LANGUAGE_STANDARD = gnu17;
				GCC_NO_COMMON_BLOCKS = YES;
				GCC_WARN_64_TO_32_BIT_CONVERSION = YES;
				GCC_WARN_ABOUT_RETURN_TYPE = YES_ERROR;
				GCC_WARN_UNDECLARED_SELECTOR = YES;
				GCC_WARN_UNINITIALIZED_AUTOS = YES_AGGRESSIVE;
				GCC_WARN_UNUSED_FUNCTION = YES;
				GCC_WARN_UNUSED_VARIABLE = YES;
				IPHONEOS_DEPLOYMENT_TARGET = 17.4;
				LOCALIZATION_PREFERS_STRING_CATALOGS = YES;
				MTL_ENABLE_DEBUG_INFO = NO;
				MTL_FAST_MATH = YES;
				SDKROOT = iphoneos;
				SWIFT_COMPILATION_MODE = wholemodule;
				VALIDATE_PRODUCT = YES;
			};
			name = Release;
		};
		2E908ACA2BD64A7800D54773 /* Debug */ = {
			isa = XCBuildConfiguration;
			buildSettings = {
				ASSETCATALOG_COMPILER_APPICON_NAME = AppIcon;
				ASSETCATALOG_COMPILER_GLOBAL_ACCENT_COLOR_NAME = AccentColor;
				CODE_SIGN_STYLE = Automatic;
				CURRENT_PROJECT_VERSION = 1;
				DEVELOPMENT_TEAM = "";
				GENERATE_INFOPLIST_FILE = YES;
				INFOPLIST_FILE = OneBoardProject/Info.plist;
				INFOPLIST_KEY_UIApplicationSupportsIndirectInputEvents = YES;
				INFOPLIST_KEY_UILaunchStoryboardName = LaunchScreen;
				INFOPLIST_KEY_UIMainStoryboardFile = LoginPage;
				INFOPLIST_KEY_UISupportedInterfaceOrientations_iPad = "UIInterfaceOrientationPortrait UIInterfaceOrientationPortraitUpsideDown UIInterfaceOrientationLandscapeLeft UIInterfaceOrientationLandscapeRight";
				INFOPLIST_KEY_UISupportedInterfaceOrientations_iPhone = "UIInterfaceOrientationPortrait UIInterfaceOrientationLandscapeLeft UIInterfaceOrientationLandscapeRight";
				IPHONEOS_DEPLOYMENT_TARGET = 17.2;
				LD_RUNPATH_SEARCH_PATHS = (
					"$(inherited)",
					"@executable_path/Frameworks",
				);
				MARKETING_VERSION = 1.0;
				PRODUCT_BUNDLE_IDENTIFIER = com.One.OneBoardProject;
				PRODUCT_NAME = "$(TARGET_NAME)";
				SWIFT_EMIT_LOC_STRINGS = YES;
				SWIFT_VERSION = 5.0;
				TARGETED_DEVICE_FAMILY = "1,2";
			};
			name = Debug;
		};
		2E908ACB2BD64A7800D54773 /* Release */ = {
			isa = XCBuildConfiguration;
			buildSettings = {
				ASSETCATALOG_COMPILER_APPICON_NAME = AppIcon;
				ASSETCATALOG_COMPILER_GLOBAL_ACCENT_COLOR_NAME = AccentColor;
				CODE_SIGN_STYLE = Automatic;
				CURRENT_PROJECT_VERSION = 1;
				DEVELOPMENT_TEAM = "";
				GENERATE_INFOPLIST_FILE = YES;
				INFOPLIST_FILE = OneBoardProject/Info.plist;
				INFOPLIST_KEY_UIApplicationSupportsIndirectInputEvents = YES;
				INFOPLIST_KEY_UILaunchStoryboardName = LaunchScreen;
				INFOPLIST_KEY_UIMainStoryboardFile = LoginPage;
				INFOPLIST_KEY_UISupportedInterfaceOrientations_iPad = "UIInterfaceOrientationPortrait UIInterfaceOrientationPortraitUpsideDown UIInterfaceOrientationLandscapeLeft UIInterfaceOrientationLandscapeRight";
				INFOPLIST_KEY_UISupportedInterfaceOrientations_iPhone = "UIInterfaceOrientationPortrait UIInterfaceOrientationLandscapeLeft UIInterfaceOrientationLandscapeRight";
				IPHONEOS_DEPLOYMENT_TARGET = 17.2;
				LD_RUNPATH_SEARCH_PATHS = (
					"$(inherited)",
					"@executable_path/Frameworks",
				);
				MARKETING_VERSION = 1.0;
				PRODUCT_BUNDLE_IDENTIFIER = com.One.OneBoardProject;
				PRODUCT_NAME = "$(TARGET_NAME)";
				SWIFT_EMIT_LOC_STRINGS = YES;
				SWIFT_VERSION = 5.0;
				TARGETED_DEVICE_FAMILY = "1,2";
			};
			name = Release;
		};
/* End XCBuildConfiguration section */

/* Begin XCConfigurationList section */
		2E908AAD2BD64A7500D54773 /* Build configuration list for PBXProject "OneBoardProject" */ = {
			isa = XCConfigurationList;
			buildConfigurations = (
				2E908AC72BD64A7800D54773 /* Debug */,
				2E908AC82BD64A7800D54773 /* Release */,
			);
			defaultConfigurationIsVisible = 0;
			defaultConfigurationName = Release;
		};
		2E908AC92BD64A7800D54773 /* Build configuration list for PBXNativeTarget "OneBoardProject" */ = {
			isa = XCConfigurationList;
			buildConfigurations = (
				2E908ACA2BD64A7800D54773 /* Debug */,
				2E908ACB2BD64A7800D54773 /* Release */,
			);
			defaultConfigurationIsVisible = 0;
			defaultConfigurationName = Release;
		};
/* End XCConfigurationList section */

/* Begin XCVersionGroup section */
		2E908ABE2BD64A7500D54773 /* OneBoardProject.xcdatamodeld */ = {
			isa = XCVersionGroup;
			children = (
				2E908ABF2BD64A7500D54773 /* OneBoardProject.xcdatamodel */,
			);
			currentVersion = 2E908ABF2BD64A7500D54773 /* OneBoardProject.xcdatamodel */;
			path = OneBoardProject.xcdatamodeld;
			sourceTree = "<group>";
			versionGroupType = wrapper.xcdatamodel;
		};
/* End XCVersionGroup section */
	};
	rootObject = 2E908AAA2BD64A7500D54773 /* Project object */;
}
